
Microsoft Visual Studio Solution File, Format Version 12.00
# Visual Studio Version 17
VisualStudioVersion = 17.2.32519.379
MinimumVisualStudioVersion = 10.0.40219.1
Project("{FAE04EC0-301F-11D3-BF4B-00C04F79EFBC}") = "PL", "ProyectoTest\PL.csproj", "{0089E960-06E0-4CCD-BDC9-DEE0C595CFE7}"
EndProject
Project("{FAE04EC0-301F-11D3-BF4B-00C04F79EFBC}") = "BL", "BL\BL.csproj", "{FE9C03A8-121F-47CA-A213-1AAE7CAAD520}"
EndProject
Project("{FAE04EC0-301F-11D3-BF4B-00C04F79EFBC}") = "DL", "DL\DL.csproj", "{E56A6FDD-9927-4A70-B32B-AD692587D229}"
EndProject
Project("{FAE04EC0-301F-11D3-BF4B-00C04F79EFBC}") = "ML", "ML\ML.csproj", "{DED91F88-4A89-41DA-95AB-0BEB8A661F55}"
EndProject
Project("{FAE04EC0-301F-11D3-BF4B-00C04F79EFBC}") = "API", "API\API.csproj", "{EE6F2E9E-4080-42B7-813B-6B6A30132FB7}"
EndProject
Global
	GlobalSection(SolutionConfigurationPlatforms) = preSolution
		Debug|Any CPU = Debug|Any CPU
		Release|Any CPU = Release|Any CPU
	EndGlobalSection
	GlobalSection(ProjectConfigurationPlatforms) = postSolution
		{0089E960-06E0-4CCD-BDC9-DEE0C595CFE7}.Debug|Any CPU.ActiveCfg = Debug|Any CPU
		{0089E960-06E0-4CCD-BDC9-DEE0C595CFE7}.Debug|Any CPU.Build.0 = Debug|Any CPU
		{0089E960-06E0-4CCD-BDC9-DEE0C595CFE7}.Release|Any CPU.ActiveCfg = Release|Any CPU
		{0089E960-06E0-4CCD-BDC9-DEE0C595CFE7}.Release|Any CPU.Build.0 = Release|Any CPU
		{FE9C03A8-121F-47CA-A213-1AAE7CAAD520}.Debug|Any CPU.ActiveCfg = Debug|Any CPU
		{FE9C03A8-121F-47CA-A213-1AAE7CAAD520}.Debug|Any CPU.Build.0 = Debug|Any CPU
		{FE9C03A8-121F-47CA-A213-1AAE7CAAD520}.Release|Any CPU.ActiveCfg = Release|Any CPU
		{FE9C03A8-121F-47CA-A213-1AAE7CAAD520}.Release|Any CPU.Build.0 = Release|Any CPU
		{E56A6FDD-9927-4A70-B32B-AD692587D229}.Debug|Any CPU.ActiveCfg = Debug|Any CPU
		{E56A6FDD-9927-4A70-B32B-AD692587D229}.Debug|Any CPU.Build.0 = Debug|Any CPU
		{E56A6FDD-9927-4A70-B32B-AD692587D229}.Release|Any CPU.ActiveCfg = Release|Any CPU
		{E56A6FDD-9927-4A70-B32B-AD692587D229}.Release|Any CPU.Build.0 = Release|Any CPU
		{DED91F88-4A89-41DA-95AB-0BEB8A661F55}.Debug|Any CPU.ActiveCfg = Debug|Any CPU
		{DED91F88-4A89-41DA-95AB-0BEB8A661F55}.Debug|Any CPU.Build.0 = Debug|Any CPU
		{DED91F88-4A89-41DA-95AB-0BEB8A661F55}.Release|Any CPU.ActiveCfg = Release|Any CPU
		{DED91F88-4A89-41DA-95AB-0BEB8A661F55}.Release|Any CPU.Build.0 = Release|Any CPU
		{EE6F2E9E-4080-42B7-813B-6B6A30132FB7}.Debug|Any CPU.ActiveCfg = Debug|Any CPU
		{EE6F2E9E-4080-42B7-813B-6B6A30132FB7}.Debug|Any CPU.Build.0 = Debug|Any CPU
		{EE6F2E9E-4080-42B7-813B-6B6A30132FB7}.Release|Any CPU.ActiveCfg = Release|Any CPU
		{EE6F2E9E-4080-42B7-813B-6B6A30132FB7}.Release|Any CPU.Build.0 = Release|Any CPU
	EndGlobalSection
	GlobalSection(SolutionProperties) = preSolution
		HideSolutionNode = FALSE
	EndGlobalSection
	GlobalSection(ExtensibilityGlobals) = postSolution
		SolutionGuid = {6F291601-C163-4413-B13C-63C16EA7CB3A}
	EndGlobalSection
EndGlobal
